
Microsoft Visual Studio Solution File, Format Version 12.00
# Visual Studio Version 16
VisualStudioVersion = 16.0.30114.105
MinimumVisualStudioVersion = 10.0.40219.1
Project("{FAE04EC0-301F-11D3-BF4B-00C04F79EFBC}") = "Criptografo", "Criptografo\Criptografo.csproj", "{D4AB8651-EDC2-4A29-B5BE-4DFD6A53007D}"
EndProject
Project("{FAE04EC0-301F-11D3-BF4B-00C04F79EFBC}") = "Test", "Test\Test.csproj", "{C9D4D7D5-F202-45F5-9A30-D007C53F1F71}"
EndProject
Global
	GlobalSection(SolutionConfigurationPlatforms) = preSolution
		Debug|Any CPU = Debug|Any CPU
		Release|Any CPU = Release|Any CPU
	EndGlobalSection
	GlobalSection(SolutionProperties) = preSolution
		HideSolutionNode = FALSE
	EndGlobalSection
	GlobalSection(ProjectConfigurationPlatforms) = postSolution
		{D4AB8651-EDC2-4A29-B5BE-4DFD6A53007D}.Debug|Any CPU.ActiveCfg = Debug|Any CPU
		{D4AB8651-EDC2-4A29-B5BE-4DFD6A53007D}.Debug|Any CPU.Build.0 = Debug|Any CPU
		{D4AB8651-EDC2-4A29-B5BE-4DFD6A53007D}.Release|Any CPU.ActiveCfg = Release|Any CPU
		{D4AB8651-EDC2-4A29-B5BE-4DFD6A53007D}.Release|Any CPU.Build.0 = Release|Any CPU
		{C9D4D7D5-F202-45F5-9A30-D007C53F1F71}.Debug|Any CPU.ActiveCfg = Debug|Any CPU
		{C9D4D7D5-F202-45F5-9A30-D007C53F1F71}.Debug|Any CPU.Build.0 = Debug|Any CPU
		{C9D4D7D5-F202-45F5-9A30-D007C53F1F71}.Release|Any CPU.ActiveCfg = Release|Any CPU
		{C9D4D7D5-F202-45F5-9A30-D007C53F1F71}.Release|Any CPU.Build.0 = Release|Any CPU
	EndGlobalSection
EndGlobal
